
Microsoft Visual Studio Solution File, Format Version 12.00
# Visual Studio Version 16
VisualStudioVersion = 16.0.30907.101
MinimumVisualStudioVersion = 10.0.40219.1
Project("{FAE04EC0-301F-11D3-BF4B-00C04F79EFBC}") = "Cadastro", "Cadastro\Cadastro.csproj", "{1A80C985-6DFA-497F-81DC-BC68CF09D85B}"
EndProject
Project("{FAE04EC0-301F-11D3-BF4B-00C04F79EFBC}") = "AtlasAcademia", "AtlasAcademia\AtlasAcademia.csproj", "{4B388B4A-50E1-464B-BFD2-CF0E4E53953A}"
EndProject
Project("{FAE04EC0-301F-11D3-BF4B-00C04F79EFBC}") = "WebPages", "WebPages\WebPages.csproj", "{E727698E-B625-4E28-B5A1-97ED9C7F20DF}"
EndProject
Global
	GlobalSection(SolutionConfigurationPlatforms) = preSolution
		Debug|Any CPU = Debug|Any CPU
		Release|Any CPU = Release|Any CPU
	EndGlobalSection
	GlobalSection(ProjectConfigurationPlatforms) = postSolution
		{1A80C985-6DFA-497F-81DC-BC68CF09D85B}.Debug|Any CPU.ActiveCfg = Debug|Any CPU
		{1A80C985-6DFA-497F-81DC-BC68CF09D85B}.Debug|Any CPU.Build.0 = Debug|Any CPU
		{1A80C985-6DFA-497F-81DC-BC68CF09D85B}.Release|Any CPU.ActiveCfg = Release|Any CPU
		{1A80C985-6DFA-497F-81DC-BC68CF09D85B}.Release|Any CPU.Build.0 = Release|Any CPU
		{4B388B4A-50E1-464B-BFD2-CF0E4E53953A}.Debug|Any CPU.ActiveCfg = Debug|Any CPU
		{4B388B4A-50E1-464B-BFD2-CF0E4E53953A}.Debug|Any CPU.Build.0 = Debug|Any CPU
		{4B388B4A-50E1-464B-BFD2-CF0E4E53953A}.Release|Any CPU.ActiveCfg = Release|Any CPU
		{4B388B4A-50E1-464B-BFD2-CF0E4E53953A}.Release|Any CPU.Build.0 = Release|Any CPU
		{E727698E-B625-4E28-B5A1-97ED9C7F20DF}.Debug|Any CPU.ActiveCfg = Debug|Any CPU
		{E727698E-B625-4E28-B5A1-97ED9C7F20DF}.Debug|Any CPU.Build.0 = Debug|Any CPU
		{E727698E-B625-4E28-B5A1-97ED9C7F20DF}.Release|Any CPU.ActiveCfg = Release|Any CPU
		{E727698E-B625-4E28-B5A1-97ED9C7F20DF}.Release|Any CPU.Build.0 = Release|Any CPU
	EndGlobalSection
	GlobalSection(SolutionProperties) = preSolution
		HideSolutionNode = FALSE
	EndGlobalSection
	GlobalSection(ExtensibilityGlobals) = postSolution
		SolutionGuid = {DB56F3DC-C3A6-4B0B-9F7E-345CFE7E7042}
	EndGlobalSection
EndGlobal
